
Microsoft Visual Studio Solution File, Format Version 12.00
# Visual Studio Version 17
VisualStudioVersion = 17.4.33205.214
MinimumVisualStudioVersion = 10.0.40219.1
Project("{FAE04EC0-301F-11D3-BF4B-00C04F79EFBC}") = "BtcClipperDetector", "BtcClipperDetector\BtcClipperDetector.csproj", "{81F85250-4281-4D61-8844-C9559670ACFB}"
EndProject
Global
	GlobalSection(SolutionConfigurationPlatforms) = preSolution
		Debug|Any CPU = Debug|Any CPU
		Release|Any CPU = Release|Any CPU
	EndGlobalSection
	GlobalSection(ProjectConfigurationPlatforms) = postSolution
		{81F85250-4281-4D61-8844-C9559670ACFB}.Debug|Any CPU.ActiveCfg = Debug|Any CPU
		{81F85250-4281-4D61-8844-C9559670ACFB}.Debug|Any CPU.Build.0 = Debug|Any CPU
		{81F85250-4281-4D61-8844-C9559670ACFB}.Release|Any CPU.ActiveCfg = Release|Any CPU
		{81F85250-4281-4D61-8844-C9559670ACFB}.Release|Any CPU.Build.0 = Release|Any CPU
	EndGlobalSection
	GlobalSection(SolutionProperties) = preSolution
		HideSolutionNode = FALSE
	EndGlobalSection
	GlobalSection(ExtensibilityGlobals) = postSolution
		SolutionGuid = {5AB9B249-D74E-497E-A03A-82C9AF7CA251}
	EndGlobalSection
EndGlobal
